
Microsoft Visual Studio Solution File, Format Version 12.00
# Visual Studio Version 17
VisualStudioVersion = 17.2.32630.192
MinimumVisualStudioVersion = 10.0.40219.1
Project("{FAE04EC0-301F-11D3-BF4B-00C04F79EFBC}") = "Multiplying Long Numbers", "Multiplying Long Numbers\Multiplying Long Numbers.csproj", "{79A41123-BE1C-4A57-AE73-19A3F7A68724}"
EndProject
Global
	GlobalSection(SolutionConfigurationPlatforms) = preSolution
		Debug|Any CPU = Debug|Any CPU
		Release|Any CPU = Release|Any CPU
	EndGlobalSection
	GlobalSection(ProjectConfigurationPlatforms) = postSolution
		{79A41123-BE1C-4A57-AE73-19A3F7A68724}.Debug|Any CPU.ActiveCfg = Debug|Any CPU
		{79A41123-BE1C-4A57-AE73-19A3F7A68724}.Debug|Any CPU.Build.0 = Debug|Any CPU
		{79A41123-BE1C-4A57-AE73-19A3F7A68724}.Release|Any CPU.ActiveCfg = Release|Any CPU
		{79A41123-BE1C-4A57-AE73-19A3F7A68724}.Release|Any CPU.Build.0 = Release|Any CPU
	EndGlobalSection
	GlobalSection(SolutionProperties) = preSolution
		HideSolutionNode = FALSE
	EndGlobalSection
	GlobalSection(ExtensibilityGlobals) = postSolution
		SolutionGuid = {2BD02C72-8D47-4233-84BE-25603FE71432}
	EndGlobalSection
EndGlobal
